
Microsoft Visual Studio Solution File, Format Version 12.00
# Visual Studio 15
VisualStudioVersion = 15.0.28307.1169
MinimumVisualStudioVersion = 10.0.40219.1
Project("{FAE04EC0-301F-11D3-BF4B-00C04F79EFBC}") = "BHoMAnalytics_Engine", "BHoMAnalytics_Engine\BHoMAnalytics_Engine.csproj", "{B2899B2C-B784-4910-9991-65438D6F1072}"
EndProject
Project("{FAE04EC0-301F-11D3-BF4B-00C04F79EFBC}") = "BHoMAnalytics_oM", "BHoMAnalytics_oM\BHoMAnalytics_oM.csproj", "{6787686E-FCB0-45E1-BB7D-D2A37DDC4F79}"
EndProject
Global
	GlobalSection(SolutionConfigurationPlatforms) = preSolution
		Debug|Any CPU = Debug|Any CPU
		Release|Any CPU = Release|Any CPU
	EndGlobalSection
	GlobalSection(ProjectConfigurationPlatforms) = postSolution
		{B2899B2C-B784-4910-9991-65438D6F1072}.Debug|Any CPU.ActiveCfg = Debug|Any CPU
		{B2899B2C-B784-4910-9991-65438D6F1072}.Debug|Any CPU.Build.0 = Debug|Any CPU
		{B2899B2C-B784-4910-9991-65438D6F1072}.Release|Any CPU.ActiveCfg = Release|Any CPU
		{B2899B2C-B784-4910-9991-65438D6F1072}.Release|Any CPU.Build.0 = Release|Any CPU
		{6787686E-FCB0-45E1-BB7D-D2A37DDC4F79}.Debug|Any CPU.ActiveCfg = Debug|Any CPU
		{6787686E-FCB0-45E1-BB7D-D2A37DDC4F79}.Debug|Any CPU.Build.0 = Debug|Any CPU
		{6787686E-FCB0-45E1-BB7D-D2A37DDC4F79}.Release|Any CPU.ActiveCfg = Release|Any CPU
		{6787686E-FCB0-45E1-BB7D-D2A37DDC4F79}.Release|Any CPU.Build.0 = Release|Any CPU
	EndGlobalSection
	GlobalSection(SolutionProperties) = preSolution
		HideSolutionNode = FALSE
	EndGlobalSection
	GlobalSection(ExtensibilityGlobals) = postSolution
		SolutionGuid = {4F710000-B330-46CC-BF83-C9545CAE88B9}
	EndGlobalSection
EndGlobal
